// !$*UTF8*$!
{
	archiveVersion = 1;
	classes = {
	};
	objectVersion = 50;
	objects = {

/* Begin PBXBuildFile section */
		84030B8C2741198A00B85CE5 /* LaunchesViewController.swift in Sources */ = {isa = PBXBuildFile; fileRef = 84030B8B2741198A00B85CE5 /* LaunchesViewController.swift */; };
		84030B8E2741199A00B85CE5 /* LaunchpadsViewController.swift in Sources */ = {isa = PBXBuildFile; fileRef = 84030B8D2741199A00B85CE5 /* LaunchpadsViewController.swift */; };
		84030B90274121B000B85CE5 /* TabBarViewController.swift in Sources */ = {isa = PBXBuildFile; fileRef = 84030B8F274121B000B85CE5 /* TabBarViewController.swift */; };
		84030B92274152B000B85CE5 /* Real_GET_Resopnse.json in Resources */ = {isa = PBXBuildFile; fileRef = 84030B91274152B000B85CE5 /* Real_GET_Resopnse.json */; };
		840D181F271ED91B00133AC1 /* LaunchPad.swift in Sources */ = {isa = PBXBuildFile; fileRef = 840D181E271ED91B00133AC1 /* LaunchPad.swift */; };
		840D1821271EEF6400133AC1 /* Rocket.swift in Sources */ = {isa = PBXBuildFile; fileRef = 840D1820271EEF6400133AC1 /* Rocket.swift */; };
		8416C0852744ED9300E42C04 /* SortViewController.swift in Sources */ = {isa = PBXBuildFile; fileRef = 8416C0842744ED9300E42C04 /* SortViewController.swift */; };
		8416C0872744EDAC00E42C04 /* SortViewCell.swift in Sources */ = {isa = PBXBuildFile; fileRef = 8416C0862744EDAC00E42C04 /* SortViewCell.swift */; };
		84211408272C081900A96736 /* GET_Rockets_Response.json in Resources */ = {isa = PBXBuildFile; fileRef = 84211407272C081900A96736 /* GET_Rockets_Response.json */; };
		8421140B272C0A6E00A96736 /* Data+JSONFile.swift in Sources */ = {isa = PBXBuildFile; fileRef = 8421140A272C0A6E00A96736 /* Data+JSONFile.swift */; };
		8426B215272FFAA600D35D48 /* RocketViewModel.swift in Sources */ = {isa = PBXBuildFile; fileRef = 8426B214272FFAA600D35D48 /* RocketViewModel.swift */; };
		8426B218273050BA00D35D48 /* RocketViewModelTests.swift in Sources */ = {isa = PBXBuildFile; fileRef = 8426B217273050BA00D35D48 /* RocketViewModelTests.swift */; };
		84357FF2272D5B7D00BB1BE6 /* GET_Rockets_MissingValuesResponse.json in Resources */ = {isa = PBXBuildFile; fileRef = 84357FF1272D5B7D00BB1BE6 /* GET_Rockets_MissingValuesResponse.json */; };
		84357FF5272D9E3F00BB1BE6 /* RocketTests.swift in Sources */ = {isa = PBXBuildFile; fileRef = 84357FF4272D9E3F00BB1BE6 /* RocketTests.swift */; };
		84357FF9272D9EA800BB1BE6 /* DecodableTestCase.swift in Sources */ = {isa = PBXBuildFile; fileRef = 84357FF8272D9EA800BB1BE6 /* DecodableTestCase.swift */; };
		84357FFB272DA84900BB1BE6 /* Rocket.json in Resources */ = {isa = PBXBuildFile; fileRef = 84357FFA272DA84900BB1BE6 /* Rocket.json */; };
		84378082273270A7001F28F3 /* MockLaunchesNetProtocol.swift in Sources */ = {isa = PBXBuildFile; fileRef = 84378081273270A7001F28F3 /* MockLaunchesNetProtocol.swift */; };
		8437808427327339001F28F3 /* RocketsViewController.swift in Sources */ = {isa = PBXBuildFile; fileRef = 8437808327327339001F28F3 /* RocketsViewController.swift */; };
		843780872732746D001F28F3 /* AllRocketsViewControllerTests.swift in Sources */ = {isa = PBXBuildFile; fileRef = 843780862732746D001F28F3 /* AllRocketsViewControllerTests.swift */; };
		843780892732DB82001F28F3 /* MockCollectionViewView.swift in Sources */ = {isa = PBXBuildFile; fileRef = 843780882732DB82001F28F3 /* MockCollectionViewView.swift */; };
		84388F46272E6EC9007B8BC8 /* XCTAssertEqualsToAny.swift in Sources */ = {isa = PBXBuildFile; fileRef = 84388F45272E6EC9007B8BC8 /* XCTAssertEqualsToAny.swift */; };
		8458E5D32731065300DA923D /* Launch.swift in Sources */ = {isa = PBXBuildFile; fileRef = 8458E5D22731065300DA923D /* Launch.swift */; };
		8458E5D52731167400DA923D /* GET_Launches_Response.json in Resources */ = {isa = PBXBuildFile; fileRef = 8458E5D42731167400DA923D /* GET_Launches_Response.json */; };
		8458E5D927311C0200DA923D /* LaunchTests.swift in Sources */ = {isa = PBXBuildFile; fileRef = 8458E5D827311C0200DA923D /* LaunchTests.swift */; };
		8458E5DB27311D8300DA923D /* Launch.json in Resources */ = {isa = PBXBuildFile; fileRef = 8458E5DA27311D8300DA923D /* Launch.json */; };
		8458E5DD273147E200DA923D /* LaunchViewModel.swift in Sources */ = {isa = PBXBuildFile; fileRef = 8458E5DC273147E200DA923D /* LaunchViewModel.swift */; };
		8458E5E22731670000DA923D /* LaunchViewModelTests.swift in Sources */ = {isa = PBXBuildFile; fileRef = 8458E5E12731670000DA923D /* LaunchViewModelTests.swift */; };
		8458E5E52731718300DA923D /* Launchpad.json in Resources */ = {isa = PBXBuildFile; fileRef = 8458E5E42731718300DA923D /* Launchpad.json */; };
		8458E5E72731823100DA923D /* LaunchpadTests.swift in Sources */ = {isa = PBXBuildFile; fileRef = 8458E5E62731823100DA923D /* LaunchpadTests.swift */; };
		8458E5E927318A7400DA923D /* LaunchpadViewModel.swift in Sources */ = {isa = PBXBuildFile; fileRef = 8458E5E827318A7400DA923D /* LaunchpadViewModel.swift */; };
		8458E5EB27318D5100DA923D /* LaunchpadViewModelTests.swift in Sources */ = {isa = PBXBuildFile; fileRef = 8458E5EA27318D5100DA923D /* LaunchpadViewModelTests.swift */; };
		84C3FF3E274469DA00BABD01 /* SFProDisplay-Regular.ttf in Resources */ = {isa = PBXBuildFile; fileRef = 84C3FF3C274469DA00BABD01 /* SFProDisplay-Regular.ttf */; };
		84C3FF3F274469DA00BABD01 /* SFProDisplay-Bold.ttf in Resources */ = {isa = PBXBuildFile; fileRef = 84C3FF3D274469DA00BABD01 /* SFProDisplay-Bold.ttf */; };
		84C54F4B27216AB400C1CF9B /* LaunchesNetClientTests.swift in Sources */ = {isa = PBXBuildFile; fileRef = 84C54F4A27216AB400C1CF9B /* LaunchesNetClientTests.swift */; };
		84C54F4E27216AED00C1CF9B /* LaunchesNetClient.swift in Sources */ = {isa = PBXBuildFile; fileRef = 84C54F4D27216AED00C1CF9B /* LaunchesNetClient.swift */; };
		84EE88B4273D1B6900E4854B /* MockImageClientProtocol.swift in Sources */ = {isa = PBXBuildFile; fileRef = 84EE88B3273D1B6900E4854B /* MockImageClientProtocol.swift */; };
		84EE88B8273D237E00E4854B /* RocketsCollectionViewCell.swift in Sources */ = {isa = PBXBuildFile; fileRef = 84EE88B7273D237E00E4854B /* RocketsCollectionViewCell.swift */; };
		84EE88CC273DB82A00E4854B /* Roboto-BoldItalic.ttf in Resources */ = {isa = PBXBuildFile; fileRef = 84EE88BF273DB82500E4854B /* Roboto-BoldItalic.ttf */; };
		84EE88CD273DB82A00E4854B /* Roboto-BoldItalic.ttf in Resources */ = {isa = PBXBuildFile; fileRef = 84EE88BF273DB82500E4854B /* Roboto-BoldItalic.ttf */; };
		84EE88CE273DB82A00E4854B /* Roboto-BoldItalic.ttf in Resources */ = {isa = PBXBuildFile; fileRef = 84EE88BF273DB82500E4854B /* Roboto-BoldItalic.ttf */; };
		84EE88CF273DB82A00E4854B /* Roboto-Bold.ttf in Resources */ = {isa = PBXBuildFile; fileRef = 84EE88C0273DB82500E4854B /* Roboto-Bold.ttf */; };
		84EE88D0273DB82A00E4854B /* Roboto-Bold.ttf in Resources */ = {isa = PBXBuildFile; fileRef = 84EE88C0273DB82500E4854B /* Roboto-Bold.ttf */; };
		84EE88D1273DB82A00E4854B /* Roboto-Bold.ttf in Resources */ = {isa = PBXBuildFile; fileRef = 84EE88C0273DB82500E4854B /* Roboto-Bold.ttf */; };
		84EE88D2273DB82A00E4854B /* Roboto-Regular.ttf in Resources */ = {isa = PBXBuildFile; fileRef = 84EE88C1273DB82600E4854B /* Roboto-Regular.ttf */; };
		84EE88D3273DB82A00E4854B /* Roboto-Regular.ttf in Resources */ = {isa = PBXBuildFile; fileRef = 84EE88C1273DB82600E4854B /* Roboto-Regular.ttf */; };
		84EE88D4273DB82A00E4854B /* Roboto-Regular.ttf in Resources */ = {isa = PBXBuildFile; fileRef = 84EE88C1273DB82600E4854B /* Roboto-Regular.ttf */; };
		84EE88D5273DB82A00E4854B /* Roboto-Black.ttf in Resources */ = {isa = PBXBuildFile; fileRef = 84EE88C2273DB82600E4854B /* Roboto-Black.ttf */; };
		84EE88D6273DB82A00E4854B /* Roboto-Black.ttf in Resources */ = {isa = PBXBuildFile; fileRef = 84EE88C2273DB82600E4854B /* Roboto-Black.ttf */; };
		84EE88D7273DB82A00E4854B /* Roboto-Black.ttf in Resources */ = {isa = PBXBuildFile; fileRef = 84EE88C2273DB82600E4854B /* Roboto-Black.ttf */; };
		84EE88D8273DB82A00E4854B /* Apache License.txt in Resources */ = {isa = PBXBuildFile; fileRef = 84EE88C3273DB82600E4854B /* Apache License.txt */; };
		84EE88D9273DB82A00E4854B /* Apache License.txt in Resources */ = {isa = PBXBuildFile; fileRef = 84EE88C3273DB82600E4854B /* Apache License.txt */; };
		84EE88DA273DB82A00E4854B /* Apache License.txt in Resources */ = {isa = PBXBuildFile; fileRef = 84EE88C3273DB82600E4854B /* Apache License.txt */; };
		84EE88DB273DB82A00E4854B /* Roboto-Thin.ttf in Resources */ = {isa = PBXBuildFile; fileRef = 84EE88C4273DB82700E4854B /* Roboto-Thin.ttf */; };
		84EE88DC273DB82A00E4854B /* Roboto-Thin.ttf in Resources */ = {isa = PBXBuildFile; fileRef = 84EE88C4273DB82700E4854B /* Roboto-Thin.ttf */; };
		84EE88DD273DB82A00E4854B /* Roboto-Thin.ttf in Resources */ = {isa = PBXBuildFile; fileRef = 84EE88C4273DB82700E4854B /* Roboto-Thin.ttf */; };
		84EE88DE273DB82A00E4854B /* Roboto-ThinItalic.ttf in Resources */ = {isa = PBXBuildFile; fileRef = 84EE88C5273DB82700E4854B /* Roboto-ThinItalic.ttf */; };
		84EE88DF273DB82A00E4854B /* Roboto-ThinItalic.ttf in Resources */ = {isa = PBXBuildFile; fileRef = 84EE88C5273DB82700E4854B /* Roboto-ThinItalic.ttf */; };
		84EE88E0273DB82A00E4854B /* Roboto-ThinItalic.ttf in Resources */ = {isa = PBXBuildFile; fileRef = 84EE88C5273DB82700E4854B /* Roboto-ThinItalic.ttf */; };
		84EE88E1273DB82A00E4854B /* Roboto-Italic.ttf in Resources */ = {isa = PBXBuildFile; fileRef = 84EE88C6273DB82800E4854B /* Roboto-Italic.ttf */; };
		84EE88E2273DB82A00E4854B /* Roboto-Italic.ttf in Resources */ = {isa = PBXBuildFile; fileRef = 84EE88C6273DB82800E4854B /* Roboto-Italic.ttf */; };
		84EE88E3273DB82A00E4854B /* Roboto-Italic.ttf in Resources */ = {isa = PBXBuildFile; fileRef = 84EE88C6273DB82800E4854B /* Roboto-Italic.ttf */; };
		84EE88E4273DB82A00E4854B /* Roboto-LightItalic.ttf in Resources */ = {isa = PBXBuildFile; fileRef = 84EE88C7273DB82800E4854B /* Roboto-LightItalic.ttf */; };
		84EE88E5273DB82A00E4854B /* Roboto-LightItalic.ttf in Resources */ = {isa = PBXBuildFile; fileRef = 84EE88C7273DB82800E4854B /* Roboto-LightItalic.ttf */; };
		84EE88E6273DB82A00E4854B /* Roboto-LightItalic.ttf in Resources */ = {isa = PBXBuildFile; fileRef = 84EE88C7273DB82800E4854B /* Roboto-LightItalic.ttf */; };
		84EE88E7273DB82A00E4854B /* Roboto-Medium.ttf in Resources */ = {isa = PBXBuildFile; fileRef = 84EE88C8273DB82800E4854B /* Roboto-Medium.ttf */; };
		84EE88E8273DB82A00E4854B /* Roboto-Medium.ttf in Resources */ = {isa = PBXBuildFile; fileRef = 84EE88C8273DB82800E4854B /* Roboto-Medium.ttf */; };
		84EE88E9273DB82A00E4854B /* Roboto-Medium.ttf in Resources */ = {isa = PBXBuildFile; fileRef = 84EE88C8273DB82800E4854B /* Roboto-Medium.ttf */; };
		84EE88EA273DB82A00E4854B /* Roboto-MediumItalic.ttf in Resources */ = {isa = PBXBuildFile; fileRef = 84EE88C9273DB82900E4854B /* Roboto-MediumItalic.ttf */; };
		84EE88EB273DB82A00E4854B /* Roboto-MediumItalic.ttf in Resources */ = {isa = PBXBuildFile; fileRef = 84EE88C9273DB82900E4854B /* Roboto-MediumItalic.ttf */; };
		84EE88EC273DB82A00E4854B /* Roboto-MediumItalic.ttf in Resources */ = {isa = PBXBuildFile; fileRef = 84EE88C9273DB82900E4854B /* Roboto-MediumItalic.ttf */; };
		84EE88ED273DB82A00E4854B /* Roboto-BlackItalic.ttf in Resources */ = {isa = PBXBuildFile; fileRef = 84EE88CA273DB82900E4854B /* Roboto-BlackItalic.ttf */; };
		84EE88EE273DB82A00E4854B /* Roboto-BlackItalic.ttf in Resources */ = {isa = PBXBuildFile; fileRef = 84EE88CA273DB82900E4854B /* Roboto-BlackItalic.ttf */; };
		84EE88EF273DB82A00E4854B /* Roboto-BlackItalic.ttf in Resources */ = {isa = PBXBuildFile; fileRef = 84EE88CA273DB82900E4854B /* Roboto-BlackItalic.ttf */; };
		84EE88F0273DB82A00E4854B /* Roboto-Light.ttf in Resources */ = {isa = PBXBuildFile; fileRef = 84EE88CB273DB82A00E4854B /* Roboto-Light.ttf */; };
		84EE88F1273DB82A00E4854B /* Roboto-Light.ttf in Resources */ = {isa = PBXBuildFile; fileRef = 84EE88CB273DB82A00E4854B /* Roboto-Light.ttf */; };
		84EE88F2273DB82A00E4854B /* Roboto-Light.ttf in Resources */ = {isa = PBXBuildFile; fileRef = 84EE88CB273DB82A00E4854B /* Roboto-Light.ttf */; };
		84EE88F4273DBA2500E4854B /* UIFont+RobotoFonts.swift in Sources */ = {isa = PBXBuildFile; fileRef = 84EE88F3273DBA2500E4854B /* UIFont+RobotoFonts.swift */; };
		84EE88F5273DBA2500E4854B /* UIFont+RobotoFonts.swift in Sources */ = {isa = PBXBuildFile; fileRef = 84EE88F3273DBA2500E4854B /* UIFont+RobotoFonts.swift */; };
		84EE88F6273DBA2500E4854B /* UIFont+RobotoFonts.swift in Sources */ = {isa = PBXBuildFile; fileRef = 84EE88F3273DBA2500E4854B /* UIFont+RobotoFonts.swift */; };
		84EE88F9273DBB1200E4854B /* UIColor+appTextsColors.swift in Sources */ = {isa = PBXBuildFile; fileRef = 84EE88F8273DBB1200E4854B /* UIColor+appTextsColors.swift */; };
		84EE88FA273DBB1200E4854B /* UIColor+appTextsColors.swift in Sources */ = {isa = PBXBuildFile; fileRef = 84EE88F8273DBB1200E4854B /* UIColor+appTextsColors.swift */; };
		84EE88FB273DBB1200E4854B /* UIColor+appTextsColors.swift in Sources */ = {isa = PBXBuildFile; fileRef = 84EE88F8273DBB1200E4854B /* UIColor+appTextsColors.swift */; };
		84EE88FD273DBDDC00E4854B /* UILabel+staticLabels.swift in Sources */ = {isa = PBXBuildFile; fileRef = 84EE88FC273DBDDC00E4854B /* UILabel+staticLabels.swift */; };
		84EE88FE273DBDDC00E4854B /* UILabel+staticLabels.swift in Sources */ = {isa = PBXBuildFile; fileRef = 84EE88FC273DBDDC00E4854B /* UILabel+staticLabels.swift */; };
		84EE88FF273DBDDC00E4854B /* UILabel+staticLabels.swift in Sources */ = {isa = PBXBuildFile; fileRef = 84EE88FC273DBDDC00E4854B /* UILabel+staticLabels.swift */; };
		84F3A86D271C120800AF3CE6 /* AppDelegate.swift in Sources */ = {isa = PBXBuildFile; fileRef = 84F3A86C271C120800AF3CE6 /* AppDelegate.swift */; };
		84F3A86F271C120800AF3CE6 /* SceneDelegate.swift in Sources */ = {isa = PBXBuildFile; fileRef = 84F3A86E271C120800AF3CE6 /* SceneDelegate.swift */; };
		84F3A874271C120800AF3CE6 /* Main.storyboard in Resources */ = {isa = PBXBuildFile; fileRef = 84F3A872271C120800AF3CE6 /* Main.storyboard */; };
		84F3A876271C120B00AF3CE6 /* Assets.xcassets in Resources */ = {isa = PBXBuildFile; fileRef = 84F3A875271C120B00AF3CE6 /* Assets.xcassets */; };
		84F3A879271C120B00AF3CE6 /* LaunchScreen.storyboard in Resources */ = {isa = PBXBuildFile; fileRef = 84F3A877271C120B00AF3CE6 /* LaunchScreen.storyboard */; };
		84F3A88F271C120B00AF3CE6 /* SpaceXUITests.swift in Sources */ = {isa = PBXBuildFile; fileRef = 84F3A88E271C120B00AF3CE6 /* SpaceXUITests.swift */; };
		84F465FF2733F1EF00F52E45 /* ImageClientTests.swift in Sources */ = {isa = PBXBuildFile; fileRef = 84F465FE2733F1EF00F52E45 /* ImageClientTests.swift */; };
		84F466012733F32B00F52E45 /* ImageClient.swift in Sources */ = {isa = PBXBuildFile; fileRef = 84F466002733F32B00F52E45 /* ImageClient.swift */; };
		84F466032733F59200F52E45 /* MockURLProtocol.swift in Sources */ = {isa = PBXBuildFile; fileRef = 84F466022733F59200F52E45 /* MockURLProtocol.swift */; };
/* End PBXBuildFile section */

/* Begin PBXContainerItemProxy section */
		84F3A880271C120B00AF3CE6 /* PBXContainerItemProxy */ = {
			isa = PBXContainerItemProxy;
			containerPortal = 84F3A861271C120800AF3CE6 /* Project object */;
			proxyType = 1;
			remoteGlobalIDString = 84F3A868271C120800AF3CE6;
			remoteInfo = SpaceX;
		};
		84F3A88B271C120B00AF3CE6 /* PBXContainerItemProxy */ = {
			isa = PBXContainerItemProxy;
			containerPortal = 84F3A861271C120800AF3CE6 /* Project object */;
			proxyType = 1;
			remoteGlobalIDString = 84F3A868271C120800AF3CE6;
			remoteInfo = SpaceX;
		};
/* End PBXContainerItemProxy section */

/* Begin PBXFileReference section */
		84030B8B2741198A00B85CE5 /* LaunchesViewController.swift */ = {isa = PBXFileReference; lastKnownFileType = sourcecode.swift; path = LaunchesViewController.swift; sourceTree = "<group>"; };
		84030B8D2741199A00B85CE5 /* LaunchpadsViewController.swift */ = {isa = PBXFileReference; lastKnownFileType = sourcecode.swift; path = LaunchpadsViewController.swift; sourceTree = "<group>"; };
		84030B8F274121B000B85CE5 /* TabBarViewController.swift */ = {isa = PBXFileReference; lastKnownFileType = sourcecode.swift; path = TabBarViewController.swift; sourceTree = "<group>"; };
		84030B91274152B000B85CE5 /* Real_GET_Resopnse.json */ = {isa = PBXFileReference; lastKnownFileType = text.json; path = Real_GET_Resopnse.json; sourceTree = "<group>"; xcLanguageSpecificationIdentifier = xcode.lang.json; };
		840D181E271ED91B00133AC1 /* LaunchPad.swift */ = {isa = PBXFileReference; lastKnownFileType = sourcecode.swift; path = LaunchPad.swift; sourceTree = "<group>"; };
		840D1820271EEF6400133AC1 /* Rocket.swift */ = {isa = PBXFileReference; lastKnownFileType = sourcecode.swift; path = Rocket.swift; sourceTree = "<group>"; };
		8416C0842744ED9300E42C04 /* SortViewController.swift */ = {isa = PBXFileReference; fileEncoding = 4; lastKnownFileType = sourcecode.swift; path = SortViewController.swift; sourceTree = "<group>"; };
		8416C0862744EDAC00E42C04 /* SortViewCell.swift */ = {isa = PBXFileReference; fileEncoding = 4; lastKnownFileType = sourcecode.swift; path = SortViewCell.swift; sourceTree = "<group>"; };
		84211407272C081900A96736 /* GET_Rockets_Response.json */ = {isa = PBXFileReference; lastKnownFileType = text.json; path = GET_Rockets_Response.json; sourceTree = "<group>"; xcLanguageSpecificationIdentifier = xcode.lang.json; };
		8421140A272C0A6E00A96736 /* Data+JSONFile.swift */ = {isa = PBXFileReference; lastKnownFileType = sourcecode.swift; path = "Data+JSONFile.swift"; sourceTree = "<group>"; };
		8426B214272FFAA600D35D48 /* RocketViewModel.swift */ = {isa = PBXFileReference; lastKnownFileType = sourcecode.swift; path = RocketViewModel.swift; sourceTree = "<group>"; };
		8426B217273050BA00D35D48 /* RocketViewModelTests.swift */ = {isa = PBXFileReference; lastKnownFileType = sourcecode.swift; path = RocketViewModelTests.swift; sourceTree = "<group>"; };
		84357FF1272D5B7D00BB1BE6 /* GET_Rockets_MissingValuesResponse.json */ = {isa = PBXFileReference; lastKnownFileType = text.json; path = GET_Rockets_MissingValuesResponse.json; sourceTree = "<group>"; xcLanguageSpecificationIdentifier = xcode.lang.json; };
		84357FF4272D9E3F00BB1BE6 /* RocketTests.swift */ = {isa = PBXFileReference; lastKnownFileType = sourcecode.swift; path = RocketTests.swift; sourceTree = "<group>"; };
		84357FF8272D9EA800BB1BE6 /* DecodableTestCase.swift */ = {isa = PBXFileReference; lastKnownFileType = sourcecode.swift; path = DecodableTestCase.swift; sourceTree = "<group>"; };
		84357FFA272DA84900BB1BE6 /* Rocket.json */ = {isa = PBXFileReference; lastKnownFileType = text.json; path = Rocket.json; sourceTree = "<group>"; };
		84378081273270A7001F28F3 /* MockLaunchesNetProtocol.swift */ = {isa = PBXFileReference; lastKnownFileType = sourcecode.swift; path = MockLaunchesNetProtocol.swift; sourceTree = "<group>"; };
		8437808327327339001F28F3 /* RocketsViewController.swift */ = {isa = PBXFileReference; lastKnownFileType = sourcecode.swift; path = RocketsViewController.swift; sourceTree = "<group>"; };
		843780862732746D001F28F3 /* AllRocketsViewControllerTests.swift */ = {isa = PBXFileReference; lastKnownFileType = sourcecode.swift; path = AllRocketsViewControllerTests.swift; sourceTree = "<group>"; };
		843780882732DB82001F28F3 /* MockCollectionViewView.swift */ = {isa = PBXFileReference; lastKnownFileType = sourcecode.swift; path = MockCollectionViewView.swift; sourceTree = "<group>"; };
		84388F45272E6EC9007B8BC8 /* XCTAssertEqualsToAny.swift */ = {isa = PBXFileReference; lastKnownFileType = sourcecode.swift; path = XCTAssertEqualsToAny.swift; sourceTree = "<group>"; };
		8458E5D22731065300DA923D /* Launch.swift */ = {isa = PBXFileReference; lastKnownFileType = sourcecode.swift; path = Launch.swift; sourceTree = "<group>"; };
		8458E5D42731167400DA923D /* GET_Launches_Response.json */ = {isa = PBXFileReference; lastKnownFileType = text.json; path = GET_Launches_Response.json; sourceTree = "<group>"; xcLanguageSpecificationIdentifier = xcode.lang.json; };
		8458E5D827311C0200DA923D /* LaunchTests.swift */ = {isa = PBXFileReference; lastKnownFileType = sourcecode.swift; name = LaunchTests.swift; path = SpaceXTests/Cases/LaunchTests.swift; sourceTree = SOURCE_ROOT; };
		8458E5DA27311D8300DA923D /* Launch.json */ = {isa = PBXFileReference; lastKnownFileType = text.json; path = Launch.json; sourceTree = "<group>"; };
		8458E5DC273147E200DA923D /* LaunchViewModel.swift */ = {isa = PBXFileReference; lastKnownFileType = sourcecode.swift; path = LaunchViewModel.swift; sourceTree = "<group>"; };
		8458E5E12731670000DA923D /* LaunchViewModelTests.swift */ = {isa = PBXFileReference; lastKnownFileType = sourcecode.swift; path = LaunchViewModelTests.swift; sourceTree = "<group>"; };
		8458E5E42731718300DA923D /* Launchpad.json */ = {isa = PBXFileReference; lastKnownFileType = text.json; path = Launchpad.json; sourceTree = "<group>"; xcLanguageSpecificationIdentifier = xcode.lang.json; };
		8458E5E62731823100DA923D /* LaunchpadTests.swift */ = {isa = PBXFileReference; lastKnownFileType = sourcecode.swift; path = LaunchpadTests.swift; sourceTree = "<group>"; };
		8458E5E827318A7400DA923D /* LaunchpadViewModel.swift */ = {isa = PBXFileReference; lastKnownFileType = sourcecode.swift; path = LaunchpadViewModel.swift; sourceTree = "<group>"; };
		8458E5EA27318D5100DA923D /* LaunchpadViewModelTests.swift */ = {isa = PBXFileReference; lastKnownFileType = sourcecode.swift; path = LaunchpadViewModelTests.swift; sourceTree = "<group>"; };
		84C3FF3C274469DA00BABD01 /* SFProDisplay-Regular.ttf */ = {isa = PBXFileReference; lastKnownFileType = file; path = "SFProDisplay-Regular.ttf"; sourceTree = "<group>"; };
		84C3FF3D274469DA00BABD01 /* SFProDisplay-Bold.ttf */ = {isa = PBXFileReference; lastKnownFileType = file; path = "SFProDisplay-Bold.ttf"; sourceTree = "<group>"; };
		84C54F4A27216AB400C1CF9B /* LaunchesNetClientTests.swift */ = {isa = PBXFileReference; lastKnownFileType = sourcecode.swift; path = LaunchesNetClientTests.swift; sourceTree = "<group>"; };
		84C54F4D27216AED00C1CF9B /* LaunchesNetClient.swift */ = {isa = PBXFileReference; lastKnownFileType = sourcecode.swift; path = LaunchesNetClient.swift; sourceTree = "<group>"; };
		84EE88B3273D1B6900E4854B /* MockImageClientProtocol.swift */ = {isa = PBXFileReference; lastKnownFileType = sourcecode.swift; path = MockImageClientProtocol.swift; sourceTree = "<group>"; };
		84EE88B7273D237E00E4854B /* RocketsCollectionViewCell.swift */ = {isa = PBXFileReference; lastKnownFileType = sourcecode.swift; path = RocketsCollectionViewCell.swift; sourceTree = "<group>"; };
		84EE88BF273DB82500E4854B /* Roboto-BoldItalic.ttf */ = {isa = PBXFileReference; lastKnownFileType = file; path = "Roboto-BoldItalic.ttf"; sourceTree = "<group>"; };
		84EE88C0273DB82500E4854B /* Roboto-Bold.ttf */ = {isa = PBXFileReference; lastKnownFileType = file; path = "Roboto-Bold.ttf"; sourceTree = "<group>"; };
		84EE88C1273DB82600E4854B /* Roboto-Regular.ttf */ = {isa = PBXFileReference; lastKnownFileType = file; path = "Roboto-Regular.ttf"; sourceTree = "<group>"; };
		84EE88C2273DB82600E4854B /* Roboto-Black.ttf */ = {isa = PBXFileReference; lastKnownFileType = file; path = "Roboto-Black.ttf"; sourceTree = "<group>"; };
		84EE88C3273DB82600E4854B /* Apache License.txt */ = {isa = PBXFileReference; fileEncoding = 4; lastKnownFileType = text; path = "Apache License.txt"; sourceTree = "<group>"; };
		84EE88C4273DB82700E4854B /* Roboto-Thin.ttf */ = {isa = PBXFileReference; lastKnownFileType = file; path = "Roboto-Thin.ttf"; sourceTree = "<group>"; };
		84EE88C5273DB82700E4854B /* Roboto-ThinItalic.ttf */ = {isa = PBXFileReference; lastKnownFileType = file; path = "Roboto-ThinItalic.ttf"; sourceTree = "<group>"; };
		84EE88C6273DB82800E4854B /* Roboto-Italic.ttf */ = {isa = PBXFileReference; lastKnownFileType = file; path = "Roboto-Italic.ttf"; sourceTree = "<group>"; };
		84EE88C7273DB82800E4854B /* Roboto-LightItalic.ttf */ = {isa = PBXFileReference; lastKnownFileType = file; path = "Roboto-LightItalic.ttf"; sourceTree = "<group>"; };
		84EE88C8273DB82800E4854B /* Roboto-Medium.ttf */ = {isa = PBXFileReference; lastKnownFileType = file; path = "Roboto-Medium.ttf"; sourceTree = "<group>"; };
		84EE88C9273DB82900E4854B /* Roboto-MediumItalic.ttf */ = {isa = PBXFileReference; lastKnownFileType = file; path = "Roboto-MediumItalic.ttf"; sourceTree = "<group>"; };
		84EE88CA273DB82900E4854B /* Roboto-BlackItalic.ttf */ = {isa = PBXFileReference; lastKnownFileType = file; path = "Roboto-BlackItalic.ttf"; sourceTree = "<group>"; };
		84EE88CB273DB82A00E4854B /* Roboto-Light.ttf */ = {isa = PBXFileReference; lastKnownFileType = file; path = "Roboto-Light.ttf"; sourceTree = "<group>"; };
		84EE88F3273DBA2500E4854B /* UIFont+RobotoFonts.swift */ = {isa = PBXFileReference; lastKnownFileType = sourcecode.swift; path = "UIFont+RobotoFonts.swift"; sourceTree = "<group>"; };
		84EE88F8273DBB1200E4854B /* UIColor+appTextsColors.swift */ = {isa = PBXFileReference; lastKnownFileType = sourcecode.swift; path = "UIColor+appTextsColors.swift"; sourceTree = "<group>"; };
		84EE88FC273DBDDC00E4854B /* UILabel+staticLabels.swift */ = {isa = PBXFileReference; lastKnownFileType = sourcecode.swift; path = "UILabel+staticLabels.swift"; sourceTree = "<group>"; };
		84F3A869271C120800AF3CE6 /* SpaceX.app */ = {isa = PBXFileReference; explicitFileType = wrapper.application; includeInIndex = 0; path = SpaceX.app; sourceTree = BUILT_PRODUCTS_DIR; };
		84F3A86C271C120800AF3CE6 /* AppDelegate.swift */ = {isa = PBXFileReference; lastKnownFileType = sourcecode.swift; path = AppDelegate.swift; sourceTree = "<group>"; };
		84F3A86E271C120800AF3CE6 /* SceneDelegate.swift */ = {isa = PBXFileReference; lastKnownFileType = sourcecode.swift; path = SceneDelegate.swift; sourceTree = "<group>"; };
		84F3A873271C120800AF3CE6 /* Base */ = {isa = PBXFileReference; lastKnownFileType = file.storyboard; name = Base; path = Base.lproj/Main.storyboard; sourceTree = "<group>"; };
		84F3A875271C120B00AF3CE6 /* Assets.xcassets */ = {isa = PBXFileReference; lastKnownFileType = folder.assetcatalog; path = Assets.xcassets; sourceTree = "<group>"; };
		84F3A878271C120B00AF3CE6 /* Base */ = {isa = PBXFileReference; lastKnownFileType = file.storyboard; name = Base; path = Base.lproj/LaunchScreen.storyboard; sourceTree = "<group>"; };
		84F3A87A271C120B00AF3CE6 /* Info.plist */ = {isa = PBXFileReference; lastKnownFileType = text.plist.xml; path = Info.plist; sourceTree = "<group>"; };
		84F3A87F271C120B00AF3CE6 /* SpaceXTests.xctest */ = {isa = PBXFileReference; explicitFileType = wrapper.cfbundle; includeInIndex = 0; path = SpaceXTests.xctest; sourceTree = BUILT_PRODUCTS_DIR; };
		84F3A885271C120B00AF3CE6 /* Info.plist */ = {isa = PBXFileReference; lastKnownFileType = text.plist.xml; path = Info.plist; sourceTree = "<group>"; };
		84F3A88A271C120B00AF3CE6 /* SpaceXUITests.xctest */ = {isa = PBXFileReference; explicitFileType = wrapper.cfbundle; includeInIndex = 0; path = SpaceXUITests.xctest; sourceTree = BUILT_PRODUCTS_DIR; };
		84F3A88E271C120B00AF3CE6 /* SpaceXUITests.swift */ = {isa = PBXFileReference; lastKnownFileType = sourcecode.swift; path = SpaceXUITests.swift; sourceTree = "<group>"; };
		84F3A890271C120B00AF3CE6 /* Info.plist */ = {isa = PBXFileReference; lastKnownFileType = text.plist.xml; path = Info.plist; sourceTree = "<group>"; };
		84F465FE2733F1EF00F52E45 /* ImageClientTests.swift */ = {isa = PBXFileReference; lastKnownFileType = sourcecode.swift; path = ImageClientTests.swift; sourceTree = "<group>"; };
		84F466002733F32B00F52E45 /* ImageClient.swift */ = {isa = PBXFileReference; lastKnownFileType = sourcecode.swift; path = ImageClient.swift; sourceTree = "<group>"; };
		84F466022733F59200F52E45 /* MockURLProtocol.swift */ = {isa = PBXFileReference; lastKnownFileType = sourcecode.swift; path = MockURLProtocol.swift; sourceTree = "<group>"; };
/* End PBXFileReference section */

/* Begin PBXFrameworksBuildPhase section */
		84F3A866271C120800AF3CE6 /* Frameworks */ = {
			isa = PBXFrameworksBuildPhase;
			buildActionMask = 2147483647;
			files = (
			);
			runOnlyForDeploymentPostprocessing = 0;
		};
		84F3A87C271C120B00AF3CE6 /* Frameworks */ = {
			isa = PBXFrameworksBuildPhase;
			buildActionMask = 2147483647;
			files = (
			);
			runOnlyForDeploymentPostprocessing = 0;
		};
		84F3A887271C120B00AF3CE6 /* Frameworks */ = {
			isa = PBXFrameworksBuildPhase;
			buildActionMask = 2147483647;
			files = (
			);
			runOnlyForDeploymentPostprocessing = 0;
		};
/* End PBXFrameworksBuildPhase section */

/* Begin PBXGroup section */
		840D181D271ED90200133AC1 /* Model */ = {
			isa = PBXGroup;
			children = (
				840D181E271ED91B00133AC1 /* LaunchPad.swift */,
				840D1820271EEF6400133AC1 /* Rocket.swift */,
				8458E5D22731065300DA923D /* Launch.swift */,
			);
			path = Model;
			sourceTree = "<group>";
		};
		84211409272C0A3200A96736 /* Extensions */ = {
			isa = PBXGroup;
			children = (
				8421140A272C0A6E00A96736 /* Data+JSONFile.swift */,
			);
			path = Extensions;
			sourceTree = "<group>";
		};
		8426B212272FF56D00D35D48 /* Controllers */ = {
			isa = PBXGroup;
			children = (
				84030B8F274121B000B85CE5 /* TabBarViewController.swift */,
				8437808327327339001F28F3 /* RocketsViewController.swift */,
				84030B8B2741198A00B85CE5 /* LaunchesViewController.swift */,
				84030B8D2741199A00B85CE5 /* LaunchpadsViewController.swift */,
				8416C0842744ED9300E42C04 /* SortViewController.swift */,
			);
			path = Controllers;
			sourceTree = "<group>";
		};
		8426B213272FFA6900D35D48 /* ViewModels */ = {
			isa = PBXGroup;
			children = (
				8426B214272FFAA600D35D48 /* RocketViewModel.swift */,
				8458E5DC273147E200DA923D /* LaunchViewModel.swift */,
				8458E5E827318A7400DA923D /* LaunchpadViewModel.swift */,
			);
			name = ViewModels;
			sourceTree = "<group>";
		};
		8426B2162730509E00D35D48 /* viewModels */ = {
			isa = PBXGroup;
			children = (
				8426B217273050BA00D35D48 /* RocketViewModelTests.swift */,
				8458E5E12731670000DA923D /* LaunchViewModelTests.swift */,
				8458E5EA27318D5100DA923D /* LaunchpadViewModelTests.swift */,
			);
			path = viewModels;
			sourceTree = "<group>";
		};
		84357FF3272D9E2600BB1BE6 /* Models */ = {
			isa = PBXGroup;
			children = (
				84357FF4272D9E3F00BB1BE6 /* RocketTests.swift */,
				8458E5D827311C0200DA923D /* LaunchTests.swift */,
				8458E5E62731823100DA923D /* LaunchpadTests.swift */,
			);
			path = Models;
			sourceTree = "<group>";
		};
		84357FF6272D9E5300BB1BE6 /* Test types */ = {
			isa = PBXGroup;
			children = (
				843780802732703B001F28F3 /* Mocks */,
				84388F47272E6ED0007B8BC8 /* XCTestAdditions */,
				84357FF7272D9E7E00BB1BE6 /* Protocols */,
				84211409272C0A3200A96736 /* Extensions */,
			);
			path = "Test types";
			sourceTree = "<group>";
		};
		84357FF7272D9E7E00BB1BE6 /* Protocols */ = {
			isa = PBXGroup;
			children = (
				84357FF8272D9EA800BB1BE6 /* DecodableTestCase.swift */,
			);
			path = Protocols;
			sourceTree = "<group>";
		};
		843780802732703B001F28F3 /* Mocks */ = {
			isa = PBXGroup;
			children = (
				84378081273270A7001F28F3 /* MockLaunchesNetProtocol.swift */,
				843780882732DB82001F28F3 /* MockCollectionViewView.swift */,
				84F466022733F59200F52E45 /* MockURLProtocol.swift */,
				84EE88B3273D1B6900E4854B /* MockImageClientProtocol.swift */,
			);
			path = Mocks;
			sourceTree = "<group>";
		};
		8437808527327433001F28F3 /* Controllers */ = {
			isa = PBXGroup;
			children = (
				843780862732746D001F28F3 /* AllRocketsViewControllerTests.swift */,
			);
			path = Controllers;
			sourceTree = "<group>";
		};
		84388F47272E6ED0007B8BC8 /* XCTestAdditions */ = {
			isa = PBXGroup;
			children = (
				84388F45272E6EC9007B8BC8 /* XCTAssertEqualsToAny.swift */,
			);
			path = XCTestAdditions;
			sourceTree = "<group>";
		};
		8458E5D627311BAF00DA923D /* Rocket */ = {
			isa = PBXGroup;
			children = (
				84211407272C081900A96736 /* GET_Rockets_Response.json */,
				84357FF1272D5B7D00BB1BE6 /* GET_Rockets_MissingValuesResponse.json */,
				84357FFA272DA84900BB1BE6 /* Rocket.json */,
				84030B91274152B000B85CE5 /* Real_GET_Resopnse.json */,
			);
			path = Rocket;
			sourceTree = "<group>";
		};
		8458E5D727311BC300DA923D /* Launch */ = {
			isa = PBXGroup;
			children = (
				8458E5D42731167400DA923D /* GET_Launches_Response.json */,
				8458E5DA27311D8300DA923D /* Launch.json */,
			);
			path = Launch;
			sourceTree = "<group>";
		};
		8458E5E32731716000DA923D /* Launchpad */ = {
			isa = PBXGroup;
			children = (
				8458E5E42731718300DA923D /* Launchpad.json */,
			);
			path = Launchpad;
			sourceTree = "<group>";
		};
		84C3FF3B274469AA00BABD01 /* SF Pro Display */ = {
			isa = PBXGroup;
			children = (
				84C3FF3D274469DA00BABD01 /* SFProDisplay-Bold.ttf */,
				84C3FF3C274469DA00BABD01 /* SFProDisplay-Regular.ttf */,
			);
			path = "SF Pro Display";
			sourceTree = "<group>";
		};
		84C54F492721671700C1CF9B /* Data */ = {
			isa = PBXGroup;
			children = (
				8458E5E32731716000DA923D /* Launchpad */,
				8458E5D727311BC300DA923D /* Launch */,
				8458E5D627311BAF00DA923D /* Rocket */,
			);
			path = Data;
			sourceTree = "<group>";
		};
		84C54F4C27216AD500C1CF9B /* Networking */ = {
			isa = PBXGroup;
			children = (
				84C54F4D27216AED00C1CF9B /* LaunchesNetClient.swift */,
				84F466002733F32B00F52E45 /* ImageClient.swift */,
			);
			path = Networking;
			sourceTree = "<group>";
		};
		84EE88B5273D233500E4854B /* Views */ = {
			isa = PBXGroup;
			children = (
				84EE88B6273D233D00E4854B /* TableViewCells */,
			);
			path = Views;
			sourceTree = "<group>";
		};
		84EE88B6273D233D00E4854B /* TableViewCells */ = {
			isa = PBXGroup;
			children = (
				8416C0862744EDAC00E42C04 /* SortViewCell.swift */,
				84EE88B7273D237E00E4854B /* RocketsCollectionViewCell.swift */,
			);
			path = TableViewCells;
			sourceTree = "<group>";
		};
		84EE88B9273DB7B200E4854B /* Fonts */ = {
			isa = PBXGroup;
			children = (
				84C3FF3B274469AA00BABD01 /* SF Pro Display */,
				84EE88BE273DB80E00E4854B /* Roboto */,
			);
			path = Fonts;
			sourceTree = "<group>";
		};
		84EE88BE273DB80E00E4854B /* Roboto */ = {
			isa = PBXGroup;
			children = (
				84EE88C3273DB82600E4854B /* Apache License.txt */,
				84EE88C2273DB82600E4854B /* Roboto-Black.ttf */,
				84EE88CA273DB82900E4854B /* Roboto-BlackItalic.ttf */,
				84EE88C0273DB82500E4854B /* Roboto-Bold.ttf */,
				84EE88BF273DB82500E4854B /* Roboto-BoldItalic.ttf */,
				84EE88C6273DB82800E4854B /* Roboto-Italic.ttf */,
				84EE88CB273DB82A00E4854B /* Roboto-Light.ttf */,
				84EE88C7273DB82800E4854B /* Roboto-LightItalic.ttf */,
				84EE88C8273DB82800E4854B /* Roboto-Medium.ttf */,
				84EE88C9273DB82900E4854B /* Roboto-MediumItalic.ttf */,
				84EE88C1273DB82600E4854B /* Roboto-Regular.ttf */,
				84EE88C4273DB82700E4854B /* Roboto-Thin.ttf */,
				84EE88C5273DB82700E4854B /* Roboto-ThinItalic.ttf */,
			);
			path = Roboto;
			sourceTree = "<group>";
		};
		84EE88F7273DBA2D00E4854B /* Extensions */ = {
			isa = PBXGroup;
			children = (
				84EE88F3273DBA2500E4854B /* UIFont+RobotoFonts.swift */,
				84EE88F8273DBB1200E4854B /* UIColor+appTextsColors.swift */,
				84EE88FC273DBDDC00E4854B /* UILabel+staticLabels.swift */,
			);
			path = Extensions;
			sourceTree = "<group>";
		};
		84F3A860271C120800AF3CE6 = {
			isa = PBXGroup;
			children = (
				84F3A86B271C120800AF3CE6 /* SpaceX */,
				84F3A882271C120B00AF3CE6 /* SpaceXTests */,
				84F3A88D271C120B00AF3CE6 /* SpaceXUITests */,
				84F3A86A271C120800AF3CE6 /* Products */,
			);
			sourceTree = "<group>";
		};
		84F3A86A271C120800AF3CE6 /* Products */ = {
			isa = PBXGroup;
			children = (
				84F3A869271C120800AF3CE6 /* SpaceX.app */,
				84F3A87F271C120B00AF3CE6 /* SpaceXTests.xctest */,
				84F3A88A271C120B00AF3CE6 /* SpaceXUITests.xctest */,
			);
			name = Products;
			sourceTree = "<group>";
		};
		84F3A86B271C120800AF3CE6 /* SpaceX */ = {
			isa = PBXGroup;
			children = (
				84EE88F7273DBA2D00E4854B /* Extensions */,
				84F466052733F9F900F52E45 /* AppDelegate */,
				84F466042733F9A000F52E45 /* Resources */,
				84C54F4C27216AD500C1CF9B /* Networking */,
				840D181D271ED90200133AC1 /* Model */,
				8426B213272FFA6900D35D48 /* ViewModels */,
				8426B212272FF56D00D35D48 /* Controllers */,
				84EE88B5273D233500E4854B /* Views */,
				84F3A87A271C120B00AF3CE6 /* Info.plist */,
				84F3A872271C120800AF3CE6 /* Main.storyboard */,
				84F3A877271C120B00AF3CE6 /* LaunchScreen.storyboard */,
			);
			path = SpaceX;
			sourceTree = "<group>";
		};
		84F3A882271C120B00AF3CE6 /* SpaceXTests */ = {
			isa = PBXGroup;
			children = (
				84F3A89C271C166800AF3CE6 /* Cases */,
				84357FF6272D9E5300BB1BE6 /* Test types */,
				84C54F492721671700C1CF9B /* Data */,
				84F3A885271C120B00AF3CE6 /* Info.plist */,
			);
			path = SpaceXTests;
			sourceTree = "<group>";
		};
		84F3A88D271C120B00AF3CE6 /* SpaceXUITests */ = {
			isa = PBXGroup;
			children = (
				84F3A88E271C120B00AF3CE6 /* SpaceXUITests.swift */,
				84F3A890271C120B00AF3CE6 /* Info.plist */,
			);
			path = SpaceXUITests;
			sourceTree = "<group>";
		};
		84F3A89C271C166800AF3CE6 /* Cases */ = {
			isa = PBXGroup;
			children = (
				84357FF3272D9E2600BB1BE6 /* Models */,
				8426B2162730509E00D35D48 /* viewModels */,
				8437808527327433001F28F3 /* Controllers */,
				84F3A89D271C167100AF3CE6 /* Networking */,
			);
			path = Cases;
			sourceTree = "<group>";
		};
		84F3A89D271C167100AF3CE6 /* Networking */ = {
			isa = PBXGroup;
			children = (
				84C54F4A27216AB400C1CF9B /* LaunchesNetClientTests.swift */,
				84F465FE2733F1EF00F52E45 /* ImageClientTests.swift */,
			);
			path = Networking;
			sourceTree = "<group>";
		};
		84F466042733F9A000F52E45 /* Resources */ = {
			isa = PBXGroup;
			children = (
				84EE88B9273DB7B200E4854B /* Fonts */,
				84F3A875271C120B00AF3CE6 /* Assets.xcassets */,
			);
			path = Resources;
			sourceTree = "<group>";
		};
		84F466052733F9F900F52E45 /* AppDelegate */ = {
			isa = PBXGroup;
			children = (
				84F3A86C271C120800AF3CE6 /* AppDelegate.swift */,
				84F3A86E271C120800AF3CE6 /* SceneDelegate.swift */,
			);
			path = AppDelegate;
			sourceTree = "<group>";
		};
/* End PBXGroup section */

/* Begin PBXNativeTarget section */
		84F3A868271C120800AF3CE6 /* SpaceX */ = {
			isa = PBXNativeTarget;
			buildConfigurationList = 84F3A893271C120B00AF3CE6 /* Build configuration list for PBXNativeTarget "SpaceX" */;
			buildPhases = (
				84F3A865271C120800AF3CE6 /* Sources */,
				84F3A866271C120800AF3CE6 /* Frameworks */,
				84F3A867271C120800AF3CE6 /* Resources */,
			);
			buildRules = (
			);
			dependencies = (
			);
			name = SpaceX;
			productName = SpaceX;
			productReference = 84F3A869271C120800AF3CE6 /* SpaceX.app */;
			productType = "com.apple.product-type.application";
		};
		84F3A87E271C120B00AF3CE6 /* SpaceXTests */ = {
			isa = PBXNativeTarget;
			buildConfigurationList = 84F3A896271C120B00AF3CE6 /* Build configuration list for PBXNativeTarget "SpaceXTests" */;
			buildPhases = (
				84F3A87B271C120B00AF3CE6 /* Sources */,
				84F3A87C271C120B00AF3CE6 /* Frameworks */,
				84F3A87D271C120B00AF3CE6 /* Resources */,
			);
			buildRules = (
			);
			dependencies = (
				84F3A881271C120B00AF3CE6 /* PBXTargetDependency */,
			);
			name = SpaceXTests;
			productName = SpaceXTests;
			productReference = 84F3A87F271C120B00AF3CE6 /* SpaceXTests.xctest */;
			productType = "com.apple.product-type.bundle.unit-test";
		};
		84F3A889271C120B00AF3CE6 /* SpaceXUITests */ = {
			isa = PBXNativeTarget;
			buildConfigurationList = 84F3A899271C120B00AF3CE6 /* Build configuration list for PBXNativeTarget "SpaceXUITests" */;
			buildPhases = (
				84F3A886271C120B00AF3CE6 /* Sources */,
				84F3A887271C120B00AF3CE6 /* Frameworks */,
				84F3A888271C120B00AF3CE6 /* Resources */,
			);
			buildRules = (
			);
			dependencies = (
				84F3A88C271C120B00AF3CE6 /* PBXTargetDependency */,
			);
			name = SpaceXUITests;
			productName = SpaceXUITests;
			productReference = 84F3A88A271C120B00AF3CE6 /* SpaceXUITests.xctest */;
			productType = "com.apple.product-type.bundle.ui-testing";
		};
/* End PBXNativeTarget section */

/* Begin PBXProject section */
		84F3A861271C120800AF3CE6 /* Project object */ = {
			isa = PBXProject;
			attributes = {
				LastSwiftUpdateCheck = 1250;
				LastUpgradeCheck = 1250;
				TargetAttributes = {
					84F3A868271C120800AF3CE6 = {
						CreatedOnToolsVersion = 12.5.1;
					};
					84F3A87E271C120B00AF3CE6 = {
						CreatedOnToolsVersion = 12.5.1;
						LastSwiftMigration = 1250;
						TestTargetID = 84F3A868271C120800AF3CE6;
					};
					84F3A889271C120B00AF3CE6 = {
						CreatedOnToolsVersion = 12.5.1;
						TestTargetID = 84F3A868271C120800AF3CE6;
					};
				};
			};
			buildConfigurationList = 84F3A864271C120800AF3CE6 /* Build configuration list for PBXProject "SpaceX" */;
			compatibilityVersion = "Xcode 9.3";
			developmentRegion = en;
			hasScannedForEncodings = 0;
			knownRegions = (
				en,
				Base,
			);
			mainGroup = 84F3A860271C120800AF3CE6;
			productRefGroup = 84F3A86A271C120800AF3CE6 /* Products */;
			projectDirPath = "";
			projectRoot = "";
			targets = (
				84F3A868271C120800AF3CE6 /* SpaceX */,
				84F3A87E271C120B00AF3CE6 /* SpaceXTests */,
				84F3A889271C120B00AF3CE6 /* SpaceXUITests */,
			);
		};
/* End PBXProject section */

/* Begin PBXResourcesBuildPhase section */
		84F3A867271C120800AF3CE6 /* Resources */ = {
			isa = PBXResourcesBuildPhase;
			buildActionMask = 2147483647;
			files = (
				84EE88E7273DB82A00E4854B /* Roboto-Medium.ttf in Resources */,
				84EE88DE273DB82A00E4854B /* Roboto-ThinItalic.ttf in Resources */,
				84EE88D2273DB82A00E4854B /* Roboto-Regular.ttf in Resources */,
				84EE88E4273DB82A00E4854B /* Roboto-LightItalic.ttf in Resources */,
				84EE88EA273DB82A00E4854B /* Roboto-MediumItalic.ttf in Resources */,
				84F3A879271C120B00AF3CE6 /* LaunchScreen.storyboard in Resources */,
				84EE88F0273DB82A00E4854B /* Roboto-Light.ttf in Resources */,
				84F3A876271C120B00AF3CE6 /* Assets.xcassets in Resources */,
				84EE88ED273DB82A00E4854B /* Roboto-BlackItalic.ttf in Resources */,
				84C3FF3F274469DA00BABD01 /* SFProDisplay-Bold.ttf in Resources */,
				84EE88CF273DB82A00E4854B /* Roboto-Bold.ttf in Resources */,
				84EE88D5273DB82A00E4854B /* Roboto-Black.ttf in Resources */,
				84EE88D8273DB82A00E4854B /* Apache License.txt in Resources */,
				84EE88CC273DB82A00E4854B /* Roboto-BoldItalic.ttf in Resources */,
				84F3A874271C120800AF3CE6 /* Main.storyboard in Resources */,
				84C3FF3E274469DA00BABD01 /* SFProDisplay-Regular.ttf in Resources */,
				84EE88E1273DB82A00E4854B /* Roboto-Italic.ttf in Resources */,
				84EE88DB273DB82A00E4854B /* Roboto-Thin.ttf in Resources */,
			);
			runOnlyForDeploymentPostprocessing = 0;
		};
		84F3A87D271C120B00AF3CE6 /* Resources */ = {
			isa = PBXResourcesBuildPhase;
			buildActionMask = 2147483647;
			files = (
				84EE88EB273DB82A00E4854B /* Roboto-MediumItalic.ttf in Resources */,
				84EE88E8273DB82A00E4854B /* Roboto-Medium.ttf in Resources */,
				84211408272C081900A96736 /* GET_Rockets_Response.json in Resources */,
				8458E5D52731167400DA923D /* GET_Launches_Response.json in Resources */,
				84EE88E5273DB82A00E4854B /* Roboto-LightItalic.ttf in Resources */,
				8458E5DB27311D8300DA923D /* Launch.json in Resources */,
				8458E5E52731718300DA923D /* Launchpad.json in Resources */,
				84357FF2272D5B7D00BB1BE6 /* GET_Rockets_MissingValuesResponse.json in Resources */,
				84EE88CD273DB82A00E4854B /* Roboto-BoldItalic.ttf in Resources */,
				84EE88D3273DB82A00E4854B /* Roboto-Regular.ttf in Resources */,
				84030B92274152B000B85CE5 /* Real_GET_Resopnse.json in Resources */,
				84EE88F1273DB82A00E4854B /* Roboto-Light.ttf in Resources */,
				84EE88D6273DB82A00E4854B /* Roboto-Black.ttf in Resources */,
				84EE88DC273DB82A00E4854B /* Roboto-Thin.ttf in Resources */,
				84EE88D0273DB82A00E4854B /* Roboto-Bold.ttf in Resources */,
				84EE88EE273DB82A00E4854B /* Roboto-BlackItalic.ttf in Resources */,
				84EE88D9273DB82A00E4854B /* Apache License.txt in Resources */,
				84EE88E2273DB82A00E4854B /* Roboto-Italic.ttf in Resources */,
				84357FFB272DA84900BB1BE6 /* Rocket.json in Resources */,
				84EE88DF273DB82A00E4854B /* Roboto-ThinItalic.ttf in Resources */,
			);
			runOnlyForDeploymentPostprocessing = 0;
		};
		84F3A888271C120B00AF3CE6 /* Resources */ = {
			isa = PBXResourcesBuildPhase;
			buildActionMask = 2147483647;
			files = (
				84EE88E9273DB82A00E4854B /* Roboto-Medium.ttf in Resources */,
				84EE88D4273DB82A00E4854B /* Roboto-Regular.ttf in Resources */,
				84EE88D1273DB82A00E4854B /* Roboto-Bold.ttf in Resources */,
				84EE88DD273DB82A00E4854B /* Roboto-Thin.ttf in Resources */,
				84EE88E0273DB82A00E4854B /* Roboto-ThinItalic.ttf in Resources */,
				84EE88DA273DB82A00E4854B /* Apache License.txt in Resources */,
				84EE88E6273DB82A00E4854B /* Roboto-LightItalic.ttf in Resources */,
				84EE88EF273DB82A00E4854B /* Roboto-BlackItalic.ttf in Resources */,
				84EE88E3273DB82A00E4854B /* Roboto-Italic.ttf in Resources */,
				84EE88F2273DB82A00E4854B /* Roboto-Light.ttf in Resources */,
				84EE88CE273DB82A00E4854B /* Roboto-BoldItalic.ttf in Resources */,
				84EE88EC273DB82A00E4854B /* Roboto-MediumItalic.ttf in Resources */,
				84EE88D7273DB82A00E4854B /* Roboto-Black.ttf in Resources */,
			);
			runOnlyForDeploymentPostprocessing = 0;
		};
/* End PBXResourcesBuildPhase section */

/* Begin PBXSourcesBuildPhase section */
		84F3A865271C120800AF3CE6 /* Sources */ = {
			isa = PBXSourcesBuildPhase;
			buildActionMask = 2147483647;
			files = (
				840D181F271ED91B00133AC1 /* LaunchPad.swift in Sources */,
				84030B8E2741199A00B85CE5 /* LaunchpadsViewController.swift in Sources */,
				84F3A86D271C120800AF3CE6 /* AppDelegate.swift in Sources */,
				84EE88F9273DBB1200E4854B /* UIColor+appTextsColors.swift in Sources */,
				84C54F4E27216AED00C1CF9B /* LaunchesNetClient.swift in Sources */,
				84EE88F4273DBA2500E4854B /* UIFont+RobotoFonts.swift in Sources */,
				84EE88FD273DBDDC00E4854B /* UILabel+staticLabels.swift in Sources */,
				8458E5D32731065300DA923D /* Launch.swift in Sources */,
				8426B215272FFAA600D35D48 /* RocketViewModel.swift in Sources */,
				84F466012733F32B00F52E45 /* ImageClient.swift in Sources */,
				840D1821271EEF6400133AC1 /* Rocket.swift in Sources */,
				8458E5E927318A7400DA923D /* LaunchpadViewModel.swift in Sources */,
				8416C0872744EDAC00E42C04 /* SortViewCell.swift in Sources */,
				84030B90274121B000B85CE5 /* TabBarViewController.swift in Sources */,
				84F3A86F271C120800AF3CE6 /* SceneDelegate.swift in Sources */,
				8416C0852744ED9300E42C04 /* SortViewController.swift in Sources */,
				8458E5DD273147E200DA923D /* LaunchViewModel.swift in Sources */,
				84EE88B8273D237E00E4854B /* RocketsCollectionViewCell.swift in Sources */,
				84030B8C2741198A00B85CE5 /* LaunchesViewController.swift in Sources */,
				8437808427327339001F28F3 /* RocketsViewController.swift in Sources */,
			);
			runOnlyForDeploymentPostprocessing = 0;
		};
		84F3A87B271C120B00AF3CE6 /* Sources */ = {
			isa = PBXSourcesBuildPhase;
			buildActionMask = 2147483647;
			files = (
				84EE88FE273DBDDC00E4854B /* UILabel+staticLabels.swift in Sources */,
				84357FF5272D9E3F00BB1BE6 /* RocketTests.swift in Sources */,
				843780892732DB82001F28F3 /* MockCollectionViewView.swift in Sources */,
				84357FF9272D9EA800BB1BE6 /* DecodableTestCase.swift in Sources */,
				84C54F4B27216AB400C1CF9B /* LaunchesNetClientTests.swift in Sources */,
				8421140B272C0A6E00A96736 /* Data+JSONFile.swift in Sources */,
				843780872732746D001F28F3 /* AllRocketsViewControllerTests.swift in Sources */,
				84EE88B4273D1B6900E4854B /* MockImageClientProtocol.swift in Sources */,
				8458E5D927311C0200DA923D /* LaunchTests.swift in Sources */,
				84EE88FA273DBB1200E4854B /* UIColor+appTextsColors.swift in Sources */,
				8426B218273050BA00D35D48 /* RocketViewModelTests.swift in Sources */,
				8458E5E72731823100DA923D /* LaunchpadTests.swift in Sources */,
				84388F46272E6EC9007B8BC8 /* XCTAssertEqualsToAny.swift in Sources */,
				84F465FF2733F1EF00F52E45 /* ImageClientTests.swift in Sources */,
				8458E5E22731670000DA923D /* LaunchViewModelTests.swift in Sources */,
				84EE88F5273DBA2500E4854B /* UIFont+RobotoFonts.swift in Sources */,
				84F466032733F59200F52E45 /* MockURLProtocol.swift in Sources */,
				8458E5EB27318D5100DA923D /* LaunchpadViewModelTests.swift in Sources */,
				84378082273270A7001F28F3 /* MockLaunchesNetProtocol.swift in Sources */,
			);
			runOnlyForDeploymentPostprocessing = 0;
		};
		84F3A886271C120B00AF3CE6 /* Sources */ = {
			isa = PBXSourcesBuildPhase;
			buildActionMask = 2147483647;
			files = (
				84EE88F6273DBA2500E4854B /* UIFont+RobotoFonts.swift in Sources */,
				84EE88FF273DBDDC00E4854B /* UILabel+staticLabels.swift in Sources */,
				84F3A88F271C120B00AF3CE6 /* SpaceXUITests.swift in Sources */,
				84EE88FB273DBB1200E4854B /* UIColor+appTextsColors.swift in Sources */,
			);
			runOnlyForDeploymentPostprocessing = 0;
		};
/* End PBXSourcesBuildPhase section */

/* Begin PBXTargetDependency section */
		84F3A881271C120B00AF3CE6 /* PBXTargetDependency */ = {
			isa = PBXTargetDependency;
			target = 84F3A868271C120800AF3CE6 /* SpaceX */;
			targetProxy = 84F3A880271C120B00AF3CE6 /* PBXContainerItemProxy */;
		};
		84F3A88C271C120B00AF3CE6 /* PBXTargetDependency */ = {
			isa = PBXTargetDependency;
			target = 84F3A868271C120800AF3CE6 /* SpaceX */;
			targetProxy = 84F3A88B271C120B00AF3CE6 /* PBXContainerItemProxy */;
		};
/* End PBXTargetDependency section */

/* Begin PBXVariantGroup section */
		84F3A872271C120800AF3CE6 /* Main.storyboard */ = {
			isa = PBXVariantGroup;
			children = (
				84F3A873271C120800AF3CE6 /* Base */,
			);
			name = Main.storyboard;
			sourceTree = "<group>";
		};
		84F3A877271C120B00AF3CE6 /* LaunchScreen.storyboard */ = {
			isa = PBXVariantGroup;
			children = (
				84F3A878271C120B00AF3CE6 /* Base */,
			);
			name = LaunchScreen.storyboard;
			sourceTree = "<group>";
		};
/* End PBXVariantGroup section */

/* Begin XCBuildConfiguration section */
		84F3A891271C120B00AF3CE6 /* Debug */ = {
			isa = XCBuildConfiguration;
			buildSettings = {
				ALWAYS_SEARCH_USER_PATHS = NO;
				CLANG_ANALYZER_NONNULL = YES;
				CLANG_ANALYZER_NUMBER_OBJECT_CONVERSION = YES_AGGRESSIVE;
				CLANG_CXX_LANGUAGE_STANDARD = "gnu++14";
				CLANG_CXX_LIBRARY = "libc++";
				CLANG_ENABLE_MODULES = YES;
				CLANG_ENABLE_OBJC_ARC = YES;
				CLANG_ENABLE_OBJC_WEAK = YES;
				CLANG_WARN_BLOCK_CAPTURE_AUTORELEASING = YES;
				CLANG_WARN_BOOL_CONVERSION = YES;
				CLANG_WARN_COMMA = YES;
				CLANG_WARN_CONSTANT_CONVERSION = YES;
				CLANG_WARN_DEPRECATED_OBJC_IMPLEMENTATIONS = YES;
				CLANG_WARN_DIRECT_OBJC_ISA_USAGE = YES_ERROR;
				CLANG_WARN_DOCUMENTATION_COMMENTS = YES;
				CLANG_WARN_EMPTY_BODY = YES;
				CLANG_WARN_ENUM_CONVERSION = YES;
				CLANG_WARN_INFINITE_RECURSION = YES;
				CLANG_WARN_INT_CONVERSION = YES;
				CLANG_WARN_NON_LITERAL_NULL_CONVERSION = YES;
				CLANG_WARN_OBJC_IMPLICIT_RETAIN_SELF = YES;
				CLANG_WARN_OBJC_LITERAL_CONVERSION = YES;
				CLANG_WARN_OBJC_ROOT_CLASS = YES_ERROR;
				CLANG_WARN_QUOTED_INCLUDE_IN_FRAMEWORK_HEADER = YES;
				CLANG_WARN_RANGE_LOOP_ANALYSIS = YES;
				CLANG_WARN_STRICT_PROTOTYPES = YES;
				CLANG_WARN_SUSPICIOUS_MOVE = YES;
				CLANG_WARN_UNGUARDED_AVAILABILITY = YES_AGGRESSIVE;
				CLANG_WARN_UNREACHABLE_CODE = YES;
				CLANG_WARN__DUPLICATE_METHOD_MATCH = YES;
				COPY_PHASE_STRIP = NO;
				DEBUG_INFORMATION_FORMAT = dwarf;
				ENABLE_STRICT_OBJC_MSGSEND = YES;
				ENABLE_TESTABILITY = YES;
				GCC_C_LANGUAGE_STANDARD = gnu11;
				GCC_DYNAMIC_NO_PIC = NO;
				GCC_NO_COMMON_BLOCKS = YES;
				GCC_OPTIMIZATION_LEVEL = 0;
				GCC_PREPROCESSOR_DEFINITIONS = (
					"DEBUG=1",
					"$(inherited)",
				);
				GCC_WARN_64_TO_32_BIT_CONVERSION = YES;
				GCC_WARN_ABOUT_RETURN_TYPE = YES_ERROR;
				GCC_WARN_UNDECLARED_SELECTOR = YES;
				GCC_WARN_UNINITIALIZED_AUTOS = YES_AGGRESSIVE;
				GCC_WARN_UNUSED_FUNCTION = YES;
				GCC_WARN_UNUSED_VARIABLE = YES;
				IPHONEOS_DEPLOYMENT_TARGET = 14.5;
				MTL_ENABLE_DEBUG_INFO = INCLUDE_SOURCE;
				MTL_FAST_MATH = YES;
				ONLY_ACTIVE_ARCH = YES;
				SDKROOT = iphoneos;
				SWIFT_ACTIVE_COMPILATION_CONDITIONS = DEBUG;
				SWIFT_OPTIMIZATION_LEVEL = "-Onone";
			};
			name = Debug;
		};
		84F3A892271C120B00AF3CE6 /* Release */ = {
			isa = XCBuildConfiguration;
			buildSettings = {
				ALWAYS_SEARCH_USER_PATHS = NO;
				CLANG_ANALYZER_NONNULL = YES;
				CLANG_ANALYZER_NUMBER_OBJECT_CONVERSION = YES_AGGRESSIVE;
				CLANG_CXX_LANGUAGE_STANDARD = "gnu++14";
				CLANG_CXX_LIBRARY = "libc++";
				CLANG_ENABLE_MODULES = YES;
				CLANG_ENABLE_OBJC_ARC = YES;
				CLANG_ENABLE_OBJC_WEAK = YES;
				CLANG_WARN_BLOCK_CAPTURE_AUTORELEASING = YES;
				CLANG_WARN_BOOL_CONVERSION = YES;
				CLANG_WARN_COMMA = YES;
				CLANG_WARN_CONSTANT_CONVERSION = YES;
				CLANG_WARN_DEPRECATED_OBJC_IMPLEMENTATIONS = YES;
				CLANG_WARN_DIRECT_OBJC_ISA_USAGE = YES_ERROR;
				CLANG_WARN_DOCUMENTATION_COMMENTS = YES;
				CLANG_WARN_EMPTY_BODY = YES;
				CLANG_WARN_ENUM_CONVERSION = YES;
				CLANG_WARN_INFINITE_RECURSION = YES;
				CLANG_WARN_INT_CONVERSION = YES;
				CLANG_WARN_NON_LITERAL_NULL_CONVERSION = YES;
				CLANG_WARN_OBJC_IMPLICIT_RETAIN_SELF = YES;
				CLANG_WARN_OBJC_LITERAL_CONVERSION = YES;
				CLANG_WARN_OBJC_ROOT_CLASS = YES_ERROR;
				CLANG_WARN_QUOTED_INCLUDE_IN_FRAMEWORK_HEADER = YES;
				CLANG_WARN_RANGE_LOOP_ANALYSIS = YES;
				CLANG_WARN_STRICT_PROTOTYPES = YES;
				CLANG_WARN_SUSPICIOUS_MOVE = YES;
				CLANG_WARN_UNGUARDED_AVAILABILITY = YES_AGGRESSIVE;
				CLANG_WARN_UNREACHABLE_CODE = YES;
				CLANG_WARN__DUPLICATE_METHOD_MATCH = YES;
				COPY_PHASE_STRIP = NO;
				DEBUG_INFORMATION_FORMAT = "dwarf-with-dsym";
				ENABLE_NS_ASSERTIONS = NO;
				ENABLE_STRICT_OBJC_MSGSEND = YES;
				GCC_C_LANGUAGE_STANDARD = gnu11;
				GCC_NO_COMMON_BLOCKS = YES;
				GCC_WARN_64_TO_32_BIT_CONVERSION = YES;
				GCC_WARN_ABOUT_RETURN_TYPE = YES_ERROR;
				GCC_WARN_UNDECLARED_SELECTOR = YES;
				GCC_WARN_UNINITIALIZED_AUTOS = YES_AGGRESSIVE;
				GCC_WARN_UNUSED_FUNCTION = YES;
				GCC_WARN_UNUSED_VARIABLE = YES;
				IPHONEOS_DEPLOYMENT_TARGET = 14.5;
				MTL_ENABLE_DEBUG_INFO = NO;
				MTL_FAST_MATH = YES;
				SDKROOT = iphoneos;
				SWIFT_COMPILATION_MODE = wholemodule;
				SWIFT_OPTIMIZATION_LEVEL = "-O";
				VALIDATE_PRODUCT = YES;
			};
			name = Release;
		};
		84F3A894271C120B00AF3CE6 /* Debug */ = {
			isa = XCBuildConfiguration;
			buildSettings = {
				ASSETCATALOG_COMPILER_APPICON_NAME = AppIcon;
				ASSETCATALOG_COMPILER_GLOBAL_ACCENT_COLOR_NAME = AccentColor;
				CODE_SIGN_STYLE = Automatic;
				DEVELOPMENT_TEAM = K4FDR4N6T3;
				INFOPLIST_FILE = SpaceX/Info.plist;
				LD_RUNPATH_SEARCH_PATHS = (
					"$(inherited)",
					"@executable_path/Frameworks",
				);
				PRODUCT_BUNDLE_IDENTIFIER = TrainingInCoding.SpaceX;
				PRODUCT_NAME = "$(TARGET_NAME)";
				SWIFT_VERSION = 5.0;
				TARGETED_DEVICE_FAMILY = "1,2";
			};
			name = Debug;
		};
		84F3A895271C120B00AF3CE6 /* Release */ = {
			isa = XCBuildConfiguration;
			buildSettings = {
				ASSETCATALOG_COMPILER_APPICON_NAME = AppIcon;
				ASSETCATALOG_COMPILER_GLOBAL_ACCENT_COLOR_NAME = AccentColor;
				CODE_SIGN_STYLE = Automatic;
				DEVELOPMENT_TEAM = K4FDR4N6T3;
				INFOPLIST_FILE = SpaceX/Info.plist;
				LD_RUNPATH_SEARCH_PATHS = (
					"$(inherited)",
					"@executable_path/Frameworks",
				);
				PRODUCT_BUNDLE_IDENTIFIER = TrainingInCoding.SpaceX;
				PRODUCT_NAME = "$(TARGET_NAME)";
				SWIFT_VERSION = 5.0;
				TARGETED_DEVICE_FAMILY = "1,2";
			};
			name = Release;
		};
		84F3A897271C120B00AF3CE6 /* Debug */ = {
			isa = XCBuildConfiguration;
			buildSettings = {
				ALWAYS_EMBED_SWIFT_STANDARD_LIBRARIES = YES;
				BUNDLE_LOADER = "$(TEST_HOST)";
				CLANG_ENABLE_MODULES = YES;
				CODE_SIGN_STYLE = Automatic;
				DEVELOPMENT_TEAM = K4FDR4N6T3;
				INFOPLIST_FILE = SpaceXTests/Info.plist;
				IPHONEOS_DEPLOYMENT_TARGET = 14.5;
				LD_RUNPATH_SEARCH_PATHS = (
					"$(inherited)",
					"@executable_path/Frameworks",
					"@loader_path/Frameworks",
				);
				PRODUCT_BUNDLE_IDENTIFIER = TrainingInCoding.SpaceXTests;
				PRODUCT_NAME = "$(TARGET_NAME)";
				SWIFT_OPTIMIZATION_LEVEL = "-Onone";
				SWIFT_VERSION = 5.0;
				TARGETED_DEVICE_FAMILY = "1,2";
				TEST_HOST = "$(BUILT_PRODUCTS_DIR)/SpaceX.app/SpaceX";
			};
			name = Debug;
		};
		84F3A898271C120B00AF3CE6 /* Release */ = {
			isa = XCBuildConfiguration;
			buildSettings = {
				ALWAYS_EMBED_SWIFT_STANDARD_LIBRARIES = YES;
				BUNDLE_LOADER = "$(TEST_HOST)";
				CLANG_ENABLE_MODULES = YES;
				CODE_SIGN_STYLE = Automatic;
				DEVELOPMENT_TEAM = K4FDR4N6T3;
				INFOPLIST_FILE = SpaceXTests/Info.plist;
				IPHONEOS_DEPLOYMENT_TARGET = 14.5;
				LD_RUNPATH_SEARCH_PATHS = (
					"$(inherited)",
					"@executable_path/Frameworks",
					"@loader_path/Frameworks",
				);
				PRODUCT_BUNDLE_IDENTIFIER = TrainingInCoding.SpaceXTests;
				PRODUCT_NAME = "$(TARGET_NAME)";
				SWIFT_VERSION = 5.0;
				TARGETED_DEVICE_FAMILY = "1,2";
				TEST_HOST = "$(BUILT_PRODUCTS_DIR)/SpaceX.app/SpaceX";
			};
			name = Release;
		};
		84F3A89A271C120B00AF3CE6 /* Debug */ = {
			isa = XCBuildConfiguration;
			buildSettings = {
				ALWAYS_EMBED_SWIFT_STANDARD_LIBRARIES = YES;
				CODE_SIGN_STYLE = Automatic;
				DEVELOPMENT_TEAM = K4FDR4N6T3;
				INFOPLIST_FILE = SpaceXUITests/Info.plist;
				LD_RUNPATH_SEARCH_PATHS = (
					"$(inherited)",
					"@executable_path/Frameworks",
					"@loader_path/Frameworks",
				);
				PRODUCT_BUNDLE_IDENTIFIER = TrainingInCoding.SpaceXUITests;
				PRODUCT_NAME = "$(TARGET_NAME)";
				SWIFT_VERSION = 5.0;
				TARGETED_DEVICE_FAMILY = "1,2";
				TEST_TARGET_NAME = SpaceX;
			};
			name = Debug;
		};
		84F3A89B271C120B00AF3CE6 /* Release */ = {
			isa = XCBuildConfiguration;
			buildSettings = {
				ALWAYS_EMBED_SWIFT_STANDARD_LIBRARIES = YES;
				CODE_SIGN_STYLE = Automatic;
				DEVELOPMENT_TEAM = K4FDR4N6T3;
				INFOPLIST_FILE = SpaceXUITests/Info.plist;
				LD_RUNPATH_SEARCH_PATHS = (
					"$(inherited)",
					"@executable_path/Frameworks",
					"@loader_path/Frameworks",
				);
				PRODUCT_BUNDLE_IDENTIFIER = TrainingInCoding.SpaceXUITests;
				PRODUCT_NAME = "$(TARGET_NAME)";
				SWIFT_VERSION = 5.0;
				TARGETED_DEVICE_FAMILY = "1,2";
				TEST_TARGET_NAME = SpaceX;
			};
			name = Release;
		};
/* End XCBuildConfiguration section */

/* Begin XCConfigurationList section */
		84F3A864271C120800AF3CE6 /* Build configuration list for PBXProject "SpaceX" */ = {
			isa = XCConfigurationList;
			buildConfigurations = (
				84F3A891271C120B00AF3CE6 /* Debug */,
				84F3A892271C120B00AF3CE6 /* Release */,
			);
			defaultConfigurationIsVisible = 0;
			defaultConfigurationName = Release;
		};
		84F3A893271C120B00AF3CE6 /* Build configuration list for PBXNativeTarget "SpaceX" */ = {
			isa = XCConfigurationList;
			buildConfigurations = (
				84F3A894271C120B00AF3CE6 /* Debug */,
				84F3A895271C120B00AF3CE6 /* Release */,
			);
			defaultConfigurationIsVisible = 0;
			defaultConfigurationName = Release;
		};
		84F3A896271C120B00AF3CE6 /* Build configuration list for PBXNativeTarget "SpaceXTests" */ = {
			isa = XCConfigurationList;
			buildConfigurations = (
				84F3A897271C120B00AF3CE6 /* Debug */,
				84F3A898271C120B00AF3CE6 /* Release */,
			);
			defaultConfigurationIsVisible = 0;
			defaultConfigurationName = Release;
		};
		84F3A899271C120B00AF3CE6 /* Build configuration list for PBXNativeTarget "SpaceXUITests" */ = {
			isa = XCConfigurationList;
			buildConfigurations = (
				84F3A89A271C120B00AF3CE6 /* Debug */,
				84F3A89B271C120B00AF3CE6 /* Release */,
			);
			defaultConfigurationIsVisible = 0;
			defaultConfigurationName = Release;
		};
/* End XCConfigurationList section */
	};
	rootObject = 84F3A861271C120800AF3CE6 /* Project object */;
}
